{
  "nodes": {
    "nixpkgs": {
      "locked": {
        "lastModified": 1744282320,
        "narHash": "sha256-ikU+GsxGCJ5YBifDKxpwNbltpBy9lmeebb1dRDxeDk4=",
        "owner": "NixOS",
        "repo": "nixpkgs",
        "rev": "af130992bae9cc56e799512812b85b0fa118f17a",
        "type": "github"
      },
      "original": {
        "owner": "NixOS",
        "repo": "nixpkgs",
        "type": "github"
      }
    },
    "root": {
      "inputs": {
        "nixpkgs": "nixpkgs"
      }
    }
  },
  "root": "root",
  "version": 7
}
